
Microsoft Visual Studio Solution File, Format Version 12.00
# Visual Studio 15
Project("{FAE04EC0-301F-11D3-BF4B-00C04F79EFBC}") = "Assembly-CSharp", "Assembly-CSharp.csproj", "{FD2F10EA-E182-6015-50E6-0D9E1DF658C9}"
EndProject
Project("{FAE04EC0-301F-11D3-BF4B-00C04F79EFBC}") = "PathCreator", "PathCreator.csproj", "{1367078B-0E5B-B036-7EB9-C68BE9C25D65}"
EndProject
Project("{FAE04EC0-301F-11D3-BF4B-00C04F79EFBC}") = "Unity.RenderPipelines.HighDefinition.Config.Runtime", "Unity.RenderPipelines.HighDefinition.Config.Runtime.csproj", "{4BCD2347-5D8E-3160-1D12-2DEFAF51818F}"
EndProject
Project("{FAE04EC0-301F-11D3-BF4B-00C04F79EFBC}") = "PathCreatorEditor", "PathCreatorEditor.csproj", "{9322A1BD-A256-7537-11D7-533B53AEDC09}"
EndProject
Project("{FAE04EC0-301F-11D3-BF4B-00C04F79EFBC}") = "Assembly-CSharp-Editor", "Assembly-CSharp-Editor.csproj", "{74DA2355-4DB5-5122-B6A1-6106D3349942}"
EndProject
Global
	GlobalSection(SolutionConfigurationPlatforms) = preSolution
		Debug|Any CPU = Debug|Any CPU
		Release|Any CPU = Release|Any CPU
	EndGlobalSection
	GlobalSection(ProjectConfigurationPlatforms) = postSolution
		{FD2F10EA-E182-6015-50E6-0D9E1DF658C9}.Debug|Any CPU.ActiveCfg = Debug|Any CPU
		{FD2F10EA-E182-6015-50E6-0D9E1DF658C9}.Debug|Any CPU.Build.0 = Debug|Any CPU
		{FD2F10EA-E182-6015-50E6-0D9E1DF658C9}.Release|Any CPU.ActiveCfg = Release|Any CPU
		{FD2F10EA-E182-6015-50E6-0D9E1DF658C9}.Release|Any CPU.Build.0 = Release|Any CPU
		{1367078B-0E5B-B036-7EB9-C68BE9C25D65}.Debug|Any CPU.ActiveCfg = Debug|Any CPU
		{1367078B-0E5B-B036-7EB9-C68BE9C25D65}.Debug|Any CPU.Build.0 = Debug|Any CPU
		{1367078B-0E5B-B036-7EB9-C68BE9C25D65}.Release|Any CPU.ActiveCfg = Release|Any CPU
		{1367078B-0E5B-B036-7EB9-C68BE9C25D65}.Release|Any CPU.Build.0 = Release|Any CPU
		{4BCD2347-5D8E-3160-1D12-2DEFAF51818F}.Debug|Any CPU.ActiveCfg = Debug|Any CPU
		{4BCD2347-5D8E-3160-1D12-2DEFAF51818F}.Debug|Any CPU.Build.0 = Debug|Any CPU
		{4BCD2347-5D8E-3160-1D12-2DEFAF51818F}.Release|Any CPU.ActiveCfg = Release|Any CPU
		{4BCD2347-5D8E-3160-1D12-2DEFAF51818F}.Release|Any CPU.Build.0 = Release|Any CPU
		{9322A1BD-A256-7537-11D7-533B53AEDC09}.Debug|Any CPU.ActiveCfg = Debug|Any CPU
		{9322A1BD-A256-7537-11D7-533B53AEDC09}.Debug|Any CPU.Build.0 = Debug|Any CPU
		{9322A1BD-A256-7537-11D7-533B53AEDC09}.Release|Any CPU.ActiveCfg = Release|Any CPU
		{9322A1BD-A256-7537-11D7-533B53AEDC09}.Release|Any CPU.Build.0 = Release|Any CPU
		{74DA2355-4DB5-5122-B6A1-6106D3349942}.Debug|Any CPU.ActiveCfg = Debug|Any CPU
		{74DA2355-4DB5-5122-B6A1-6106D3349942}.Debug|Any CPU.Build.0 = Debug|Any CPU
		{74DA2355-4DB5-5122-B6A1-6106D3349942}.Release|Any CPU.ActiveCfg = Release|Any CPU
		{74DA2355-4DB5-5122-B6A1-6106D3349942}.Release|Any CPU.Build.0 = Release|Any CPU
	EndGlobalSection
	GlobalSection(SolutionProperties) = preSolution
		HideSolutionNode = FALSE
	EndGlobalSection
EndGlobal
